// !$*UTF8*$!
{
	archiveVersion = 1;
	classes = {
	};
	objectVersion = 55;
	objects = {

/* Begin PBXBuildFile section */
		6EFD30E3274E4AB300CC1C65 /* AppDelegate.swift in Sources */ = {isa = PBXBuildFile; fileRef = 6EFD30E2274E4AB300CC1C65 /* AppDelegate.swift */; };
		6EFD30E5274E4AB300CC1C65 /* SceneDelegate.swift in Sources */ = {isa = PBXBuildFile; fileRef = 6EFD30E4274E4AB300CC1C65 /* SceneDelegate.swift */; };
		6EFD30E7274E4AB300CC1C65 /* ViewController.swift in Sources */ = {isa = PBXBuildFile; fileRef = 6EFD30E6274E4AB300CC1C65 /* ViewController.swift */; };
		6EFD30EA274E4AB300CC1C65 /* Main.storyboard in Resources */ = {isa = PBXBuildFile; fileRef = 6EFD30E8274E4AB300CC1C65 /* Main.storyboard */; };
		6EFD30EC274E4AB400CC1C65 /* Assets.xcassets in Resources */ = {isa = PBXBuildFile; fileRef = 6EFD30EB274E4AB400CC1C65 /* Assets.xcassets */; };
		6EFD30EF274E4AB400CC1C65 /* LaunchScreen.storyboard in Resources */ = {isa = PBXBuildFile; fileRef = 6EFD30ED274E4AB400CC1C65 /* LaunchScreen.storyboard */; };
		6EFD30F7274E4CE000CC1C65 /* GalleryCollectionView.swift in Sources */ = {isa = PBXBuildFile; fileRef = 6EFD30F6274E4CE000CC1C65 /* GalleryCollectionView.swift */; };
		6EFD30FB274E6EB600CC1C65 /* GallaryCollectionViewCell.swift in Sources */ = {isa = PBXBuildFile; fileRef = 6EFD30FA274E6EB600CC1C65 /* GallaryCollectionViewCell.swift */; };
		6EFD30FD274E7E8400CC1C65 /* TravelModel.swift in Sources */ = {isa = PBXBuildFile; fileRef = 6EFD30FC274E7E8400CC1C65 /* TravelModel.swift */; };
/* End PBXBuildFile section */

/* Begin PBXFileReference section */
		6EFD30DF274E4AB300CC1C65 /* TravelCollectionView.app */ = {isa = PBXFileReference; explicitFileType = wrapper.application; includeInIndex = 0; path = TravelCollectionView.app; sourceTree = BUILT_PRODUCTS_DIR; };
		6EFD30E2274E4AB300CC1C65 /* AppDelegate.swift */ = {isa = PBXFileReference; lastKnownFileType = sourcecode.swift; path = AppDelegate.swift; sourceTree = "<group>"; };
		6EFD30E4274E4AB300CC1C65 /* SceneDelegate.swift */ = {isa = PBXFileReference; lastKnownFileType = sourcecode.swift; path = SceneDelegate.swift; sourceTree = "<group>"; };
		6EFD30E6274E4AB300CC1C65 /* ViewController.swift */ = {isa = PBXFileReference; lastKnownFileType = sourcecode.swift; path = ViewController.swift; sourceTree = "<group>"; };
		6EFD30E9274E4AB300CC1C65 /* Base */ = {isa = PBXFileReference; lastKnownFileType = file.storyboard; name = Base; path = Base.lproj/Main.storyboard; sourceTree = "<group>"; };
		6EFD30EB274E4AB400CC1C65 /* Assets.xcassets */ = {isa = PBXFileReference; lastKnownFileType = folder.assetcatalog; path = Assets.xcassets; sourceTree = "<group>"; };
		6EFD30EE274E4AB400CC1C65 /* Base */ = {isa = PBXFileReference; lastKnownFileType = file.storyboard; name = Base; path = Base.lproj/LaunchScreen.storyboard; sourceTree = "<group>"; };
		6EFD30F0274E4AB400CC1C65 /* Info.plist */ = {isa = PBXFileReference; lastKnownFileType = text.plist.xml; path = Info.plist; sourceTree = "<group>"; };
		6EFD30F6274E4CE000CC1C65 /* GalleryCollectionView.swift */ = {isa = PBXFileReference; lastKnownFileType = sourcecode.swift; path = GalleryCollectionView.swift; sourceTree = "<group>"; };
		6EFD30FA274E6EB600CC1C65 /* GallaryCollectionViewCell.swift */ = {isa = PBXFileReference; lastKnownFileType = sourcecode.swift; path = GallaryCollectionViewCell.swift; sourceTree = "<group>"; };
		6EFD30FC274E7E8400CC1C65 /* TravelModel.swift */ = {isa = PBXFileReference; lastKnownFileType = sourcecode.swift; path = TravelModel.swift; sourceTree = "<group>"; };
/* End PBXFileReference section */

/* Begin PBXFrameworksBuildPhase section */
		6EFD30DC274E4AB300CC1C65 /* Frameworks */ = {
			isa = PBXFrameworksBuildPhase;
			buildActionMask = 2147483647;
			files = (
			);
			runOnlyForDeploymentPostprocessing = 0;
		};
/* End PBXFrameworksBuildPhase section */

/* Begin PBXGroup section */
		6EFD30D6274E4AB300CC1C65 = {
			isa = PBXGroup;
			children = (
				6EFD30FC274E7E8400CC1C65 /* TravelModel.swift */,
				6EFD30FA274E6EB600CC1C65 /* GallaryCollectionViewCell.swift */,
				6EFD30F6274E4CE000CC1C65 /* GalleryCollectionView.swift */,
				6EFD30E1274E4AB300CC1C65 /* TravelCollectionView */,
				6EFD30E0274E4AB300CC1C65 /* Products */,
			);
			sourceTree = "<group>";
		};
		6EFD30E0274E4AB300CC1C65 /* Products */ = {
			isa = PBXGroup;
			children = (
				6EFD30DF274E4AB300CC1C65 /* TravelCollectionView.app */,
			);
			name = Products;
			sourceTree = "<group>";
		};
		6EFD30E1274E4AB300CC1C65 /* TravelCollectionView */ = {
			isa = PBXGroup;
			children = (
				6EFD30E2274E4AB300CC1C65 /* AppDelegate.swift */,
				6EFD30E4274E4AB300CC1C65 /* SceneDelegate.swift */,
				6EFD30E6274E4AB300CC1C65 /* ViewController.swift */,
				6EFD30E8274E4AB300CC1C65 /* Main.storyboard */,
				6EFD30EB274E4AB400CC1C65 /* Assets.xcassets */,
				6EFD30ED274E4AB400CC1C65 /* LaunchScreen.storyboard */,
				6EFD30F0274E4AB400CC1C65 /* Info.plist */,
			);
			path = TravelCollectionView;
			sourceTree = "<group>";
		};
/* End PBXGroup section */

/* Begin PBXNativeTarget section */
		6EFD30DE274E4AB300CC1C65 /* TravelCollectionView */ = {
			isa = PBXNativeTarget;
			buildConfigurationList = 6EFD30F3274E4AB400CC1C65 /* Build configuration list for PBXNativeTarget "TravelCollectionView" */;
			buildPhases = (
				6EFD30DB274E4AB300CC1C65 /* Sources */,
				6EFD30DC274E4AB300CC1C65 /* Frameworks */,
				6EFD30DD274E4AB300CC1C65 /* Resources */,
			);
			buildRules = (
			);
			dependencies = (
			);
			name = TravelCollectionView;
			productName = TravelCollectionView;
			productReference = 6EFD30DF274E4AB300CC1C65 /* TravelCollectionView.app */;
			productType = "com.apple.product-type.application";
		};
/* End PBXNativeTarget section */

/* Begin PBXProject section */
		6EFD30D7274E4AB300CC1C65 /* Project object */ = {
			isa = PBXProject;
			attributes = {
				BuildIndependentTargetsInParallel = 1;
				LastSwiftUpdateCheck = 1310;
				LastUpgradeCheck = 1310;
				TargetAttributes = {
					6EFD30DE274E4AB300CC1C65 = {
						CreatedOnToolsVersion = 13.1;
					};
				};
			};
			buildConfigurationList = 6EFD30DA274E4AB300CC1C65 /* Build configuration list for PBXProject "TravelCollectionView" */;
			compatibilityVersion = "Xcode 13.0";
			developmentRegion = en;
			hasScannedForEncodings = 0;
			knownRegions = (
				en,
				Base,
			);
			mainGroup = 6EFD30D6274E4AB300CC1C65;
			productRefGroup = 6EFD30E0274E4AB300CC1C65 /* Products */;
			projectDirPath = "";
			projectRoot = "";
			targets = (
				6EFD30DE274E4AB300CC1C65 /* TravelCollectionView */,
			);
		};
/* End PBXProject section */

/* Begin PBXResourcesBuildPhase section */
		6EFD30DD274E4AB300CC1C65 /* Resources */ = {
			isa = PBXResourcesBuildPhase;
			buildActionMask = 2147483647;
			files = (
				6EFD30EF274E4AB400CC1C65 /* LaunchScreen.storyboard in Resources */,
				6EFD30EC274E4AB400CC1C65 /* Assets.xcassets in Resources */,
				6EFD30EA274E4AB300CC1C65 /* Main.storyboard in Resources */,
			);
			runOnlyForDeploymentPostprocessing = 0;
		};
/* End PBXResourcesBuildPhase section */

/* Begin PBXSourcesBuildPhase section */
		6EFD30DB274E4AB300CC1C65 /* Sources */ = {
			isa = PBXSourcesBuildPhase;
			buildActionMask = 2147483647;
			files = (
				6EFD30E7274E4AB300CC1C65 /* ViewController.swift in Sources */,
				6EFD30F7274E4CE000CC1C65 /* GalleryCollectionView.swift in Sources */,
				6EFD30FB274E6EB600CC1C65 /* GallaryCollectionViewCell.swift in Sources */,
				6EFD30FD274E7E8400CC1C65 /* TravelModel.swift in Sources */,
				6EFD30E3274E4AB300CC1C65 /* AppDelegate.swift in Sources */,
				6EFD30E5274E4AB300CC1C65 /* SceneDelegate.swift in Sources */,
			);
			runOnlyForDeploymentPostprocessing = 0;
		};
/* End PBXSourcesBuildPhase section */

/* Begin PBXVariantGroup section */
		6EFD30E8274E4AB300CC1C65 /* Main.storyboard */ = {
			isa = PBXVariantGroup;
			children = (
				6EFD30E9274E4AB300CC1C65 /* Base */,
			);
			name = Main.storyboard;
			sourceTree = "<group>";
		};
		6EFD30ED274E4AB400CC1C65 /* LaunchScreen.storyboard */ = {
			isa = PBXVariantGroup;
			children = (
				6EFD30EE274E4AB400CC1C65 /* Base */,
			);
			name = LaunchScreen.storyboard;
			sourceTree = "<group>";
		};
/* End PBXVariantGroup section */

/* Begin XCBuildConfiguration section */
		6EFD30F1274E4AB400CC1C65 /* Debug */ = {
			isa = XCBuildConfiguration;
			buildSettings = {
				ALWAYS_SEARCH_USER_PATHS = NO;
				CLANG_ANALYZER_NONNULL = YES;
				CLANG_ANALYZER_NUMBER_OBJECT_CONVERSION = YES_AGGRESSIVE;
				CLANG_CXX_LANGUAGE_STANDARD = "gnu++17";
				CLANG_CXX_LIBRARY = "libc++";
				CLANG_ENABLE_MODULES = YES;
				CLANG_ENABLE_OBJC_ARC = YES;
				CLANG_ENABLE_OBJC_WEAK = YES;
				CLANG_WARN_BLOCK_CAPTURE_AUTORELEASING = YES;
				CLANG_WARN_BOOL_CONVERSION = YES;
				CLANG_WARN_COMMA = YES;
				CLANG_WARN_CONSTANT_CONVERSION = YES;
				CLANG_WARN_DEPRECATED_OBJC_IMPLEMENTATIONS = YES;
				CLANG_WARN_DIRECT_OBJC_ISA_USAGE = YES_ERROR;
				CLANG_WARN_DOCUMENTATION_COMMENTS = YES;
				CLANG_WARN_EMPTY_BODY = YES;
				CLANG_WARN_ENUM_CONVERSION = YES;
				CLANG_WARN_INFINITE_RECURSION = YES;
				CLANG_WARN_INT_CONVERSION = YES;
				CLANG_WARN_NON_LITERAL_NULL_CONVERSION = YES;
				CLANG_WARN_OBJC_IMPLICIT_RETAIN_SELF = YES;
				CLANG_WARN_OBJC_LITERAL_CONVERSION = YES;
				CLANG_WARN_OBJC_ROOT_CLASS = YES_ERROR;
				CLANG_WARN_QUOTED_INCLUDE_IN_FRAMEWORK_HEADER = YES;
				CLANG_WARN_RANGE_LOOP_ANALYSIS = YES;
				CLANG_WARN_STRICT_PROTOTYPES = YES;
				CLANG_WARN_SUSPICIOUS_MOVE = YES;
				CLANG_WARN_UNGUARDED_AVAILABILITY = YES_AGGRESSIVE;
				CLANG_WARN_UNREACHABLE_CODE = YES;
				CLANG_WARN__DUPLICATE_METHOD_MATCH = YES;
				COPY_PHASE_STRIP = NO;
				DEBUG_INFORMATION_FORMAT = dwarf;
				ENABLE_STRICT_OBJC_MSGSEND = YES;
				ENABLE_TESTABILITY = YES;
				GCC_C_LANGUAGE_STANDARD = gnu11;
				GCC_DYNAMIC_NO_PIC = NO;
				GCC_NO_COMMON_BLOCKS = YES;
				GCC_OPTIMIZATION_LEVEL = 0;
				GCC_PREPROCESSOR_DEFINITIONS = (
					"DEBUG=1",
					"$(inherited)",
				);
				GCC_WARN_64_TO_32_BIT_CONVERSION = YES;
				GCC_WARN_ABOUT_RETURN_TYPE = YES_ERROR;
				GCC_WARN_UNDECLARED_SELECTOR = YES;
				GCC_WARN_UNINITIALIZED_AUTOS = YES_AGGRESSIVE;
				GCC_WARN_UNUSED_FUNCTION = YES;
				GCC_WARN_UNUSED_VARIABLE = YES;
				IPHONEOS_DEPLOYMENT_TARGET = 15.0;
				MTL_ENABLE_DEBUG_INFO = INCLUDE_SOURCE;
				MTL_FAST_MATH = YES;
				ONLY_ACTIVE_ARCH = YES;
				SDKROOT = iphoneos;
				SWIFT_ACTIVE_COMPILATION_CONDITIONS = DEBUG;
				SWIFT_OPTIMIZATION_LEVEL = "-Onone";
			};
			name = Debug;
		};
		6EFD30F2274E4AB400CC1C65 /* Release */ = {
			isa = XCBuildConfiguration;
			buildSettings = {
				ALWAYS_SEARCH_USER_PATHS = NO;
				CLANG_ANALYZER_NONNULL = YES;
				CLANG_ANALYZER_NUMBER_OBJECT_CONVERSION = YES_AGGRESSIVE;
				CLANG_CXX_LANGUAGE_STANDARD = "gnu++17";
				CLANG_CXX_LIBRARY = "libc++";
				CLANG_ENABLE_MODULES = YES;
				CLANG_ENABLE_OBJC_ARC = YES;
				CLANG_ENABLE_OBJC_WEAK = YES;
				CLANG_WARN_BLOCK_CAPTURE_AUTORELEASING = YES;
				CLANG_WARN_BOOL_CONVERSION = YES;
				CLANG_WARN_COMMA = YES;
				CLANG_WARN_CONSTANT_CONVERSION = YES;
				CLANG_WARN_DEPRECATED_OBJC_IMPLEMENTATIONS = YES;
				CLANG_WARN_DIRECT_OBJC_ISA_USAGE = YES_ERROR;
				CLANG_WARN_DOCUMENTATION_COMMENTS = YES;
				CLANG_WARN_EMPTY_BODY = YES;
				CLANG_WARN_ENUM_CONVERSION = YES;
				CLANG_WARN_INFINITE_RECURSION = YES;
				CLANG_WARN_INT_CONVERSION = YES;
				CLANG_WARN_NON_LITERAL_NULL_CONVERSION = YES;
				CLANG_WARN_OBJC_IMPLICIT_RETAIN_SELF = YES;
				CLANG_WARN_OBJC_LITERAL_CONVERSION = YES;
				CLANG_WARN_OBJC_ROOT_CLASS = YES_ERROR;
				CLANG_WARN_QUOTED_INCLUDE_IN_FRAMEWORK_HEADER = YES;
				CLANG_WARN_RANGE_LOOP_ANALYSIS = YES;
				CLANG_WARN_STRICT_PROTOTYPES = YES;
				CLANG_WARN_SUSPICIOUS_MOVE = YES;
				CLANG_WARN_UNGUARDED_AVAILABILITY = YES_AGGRESSIVE;
				CLANG_WARN_UNREACHABLE_CODE = YES;
				CLANG_WARN__DUPLICATE_METHOD_MATCH = YES;
				COPY_PHASE_STRIP = NO;
				DEBUG_INFORMATION_FORMAT = "dwarf-with-dsym";
				ENABLE_NS_ASSERTIONS = NO;
				ENABLE_STRICT_OBJC_MSGSEND = YES;
				GCC_C_LANGUAGE_STANDARD = gnu11;
				GCC_NO_COMMON_BLOCKS = YES;
				GCC_WARN_64_TO_32_BIT_CONVERSION = YES;
				GCC_WARN_ABOUT_RETURN_TYPE = YES_ERROR;
				GCC_WARN_UNDECLARED_SELECTOR = YES;
				GCC_WARN_UNINITIALIZED_AUTOS = YES_AGGRESSIVE;
				GCC_WARN_UNUSED_FUNCTION = YES;
				GCC_WARN_UNUSED_VARIABLE = YES;
				IPHONEOS_DEPLOYMENT_TARGET = 15.0;
				MTL_ENABLE_DEBUG_INFO = NO;
				MTL_FAST_MATH = YES;
				SDKROOT = iphoneos;
				SWIFT_COMPILATION_MODE = wholemodule;
				SWIFT_OPTIMIZATION_LEVEL = "-O";
				VALIDATE_PRODUCT = YES;
			};
			name = Release;
		};
		6EFD30F4274E4AB400CC1C65 /* Debug */ = {
			isa = XCBuildConfiguration;
			buildSettings = {
				ASSETCATALOG_COMPILER_APPICON_NAME = AppIcon;
				ASSETCATALOG_COMPILER_GLOBAL_ACCENT_COLOR_NAME = AccentColor;
				CODE_SIGN_STYLE = Automatic;
				CURRENT_PROJECT_VERSION = 1;
				DEVELOPMENT_TEAM = NHUDCP2K7S;
				GENERATE_INFOPLIST_FILE = YES;
				INFOPLIST_FILE = TravelCollectionView/Info.plist;
				INFOPLIST_KEY_UIApplicationSupportsIndirectInputEvents = YES;
				INFOPLIST_KEY_UILaunchStoryboardName = LaunchScreen;
				INFOPLIST_KEY_UIMainStoryboardFile = Main;
				INFOPLIST_KEY_UISupportedInterfaceOrientations_iPad = "UIInterfaceOrientationPortrait UIInterfaceOrientationPortraitUpsideDown UIInterfaceOrientationLandscapeLeft UIInterfaceOrientationLandscapeRight";
				INFOPLIST_KEY_UISupportedInterfaceOrientations_iPhone = "UIInterfaceOrientationPortrait UIInterfaceOrientationLandscapeLeft UIInterfaceOrientationLandscapeRight";
				LD_RUNPATH_SEARCH_PATHS = (
					"$(inherited)",
					"@executable_path/Frameworks",
				);
				MARKETING_VERSION = 1.0;
				PRODUCT_BUNDLE_IDENTIFIER = ValentinaLuchinovich.TravelCollectionView;
				PRODUCT_NAME = "$(TARGET_NAME)";
				SWIFT_EMIT_LOC_STRINGS = YES;
				SWIFT_VERSION = 5.0;
				TARGETED_DEVICE_FAMILY = "1,2";
			};
			name = Debug;
		};
		6EFD30F5274E4AB400CC1C65 /* Release */ = {
			isa = XCBuildConfiguration;
			buildSettings = {
				ASSETCATALOG_COMPILER_APPICON_NAME = AppIcon;
				ASSETCATALOG_COMPILER_GLOBAL_ACCENT_COLOR_NAME = AccentColor;
				CODE_SIGN_STYLE = Automatic;
				CURRENT_PROJECT_VERSION = 1;
				DEVELOPMENT_TEAM = NHUDCP2K7S;
				GENERATE_INFOPLIST_FILE = YES;
				INFOPLIST_FILE = TravelCollectionView/Info.plist;
				INFOPLIST_KEY_UIApplicationSupportsIndirectInputEvents = YES;
				INFOPLIST_KEY_UILaunchStoryboardName = LaunchScreen;
				INFOPLIST_KEY_UIMainStoryboardFile = Main;
				INFOPLIST_KEY_UISupportedInterfaceOrientations_iPad = "UIInterfaceOrientationPortrait UIInterfaceOrientationPortraitUpsideDown UIInterfaceOrientationLandscapeLeft UIInterfaceOrientationLandscapeRight";
				INFOPLIST_KEY_UISupportedInterfaceOrientations_iPhone = "UIInterfaceOrientationPortrait UIInterfaceOrientationLandscapeLeft UIInterfaceOrientationLandscapeRight";
				LD_RUNPATH_SEARCH_PATHS = (
					"$(inherited)",
					"@executable_path/Frameworks",
				);
				MARKETING_VERSION = 1.0;
				PRODUCT_BUNDLE_IDENTIFIER = ValentinaLuchinovich.TravelCollectionView;
				PRODUCT_NAME = "$(TARGET_NAME)";
				SWIFT_EMIT_LOC_STRINGS = YES;
				SWIFT_VERSION = 5.0;
				TARGETED_DEVICE_FAMILY = "1,2";
			};
			name = Release;
		};
/* End XCBuildConfiguration section */

/* Begin XCConfigurationList section */
		6EFD30DA274E4AB300CC1C65 /* Build configuration list for PBXProject "TravelCollectionView" */ = {
			isa = XCConfigurationList;
			buildConfigurations = (
				6EFD30F1274E4AB400CC1C65 /* Debug */,
				6EFD30F2274E4AB400CC1C65 /* Release */,
			);
			defaultConfigurationIsVisible = 0;
			defaultConfigurationName = Release;
		};
		6EFD30F3274E4AB400CC1C65 /* Build configuration list for PBXNativeTarget "TravelCollectionView" */ = {
			isa = XCConfigurationList;
			buildConfigurations = (
				6EFD30F4274E4AB400CC1C65 /* Debug */,
				6EFD30F5274E4AB400CC1C65 /* Release */,
			);
			defaultConfigurationIsVisible = 0;
			defaultConfigurationName = Release;
		};
/* End XCConfigurationList section */
	};
	rootObject = 6EFD30D7274E4AB300CC1C65 /* Project object */;
}
